<?xml version="1.0" encoding="utf-8"?>
<Project ToolsVersion="4.0" xmlns="http://schemas.microsoft.com/developer/msbuild/2003">
  <ItemGroup>
    <Filter Include="Content">
      <UniqueIdentifier>{5e9d9e03-98ee-4f42-9b72-18ad7b49079a}</UniqueIdentifier>
    </Filter>
    <Filter Include="Content\Shaders">
      <UniqueIdentifier>{bbf24e6a-fa5b-4181-8a13-17ca0858e960}</UniqueIdentifier>
    </Filter>
  </ItemGroup>
  <ItemGroup>
    <ClCompile Include="PointDemo.cpp" />
    <ClCompile Include="Program.cpp" />
    <ClCompile Include="RenderingGame.cpp" />
    <ClCompile Include="pch.cpp" />
  </ItemGroup>
  <ItemGroup>
    <ClInclude Include="PointDemo.h" />
    <ClInclude Include="RenderingGame.h" />
    <ClInclude Include="pch.h" />
  </ItemGroup>
  <ItemGroup>
    <FxCompile Include="PointDemoPS.hlsl">
      <Filter>Content\Shaders</Filter>
    </FxCompile>
    <FxCompile Include="PointDemoVS.hlsl">
      <Filter>Content\Shaders</Filter>
    </FxCompile>
  </ItemGroup>
  <ItemGroup>
    <None Include="packages.config" />
  </ItemGroup>
</Project>